
Microsoft Visual Studio Solution File, Format Version 12.00
# Visual Studio Version 16
VisualStudioVersion = 16.0.29411.108
MinimumVisualStudioVersion = 10.0.40219.1
Project("{9A19103F-16F7-4668-BE54-9A1E7A4F7556}") = "Clv.API", "Clv.API\Clv.API.csproj", "{BF197FEE-869F-40D2-BE94-6909F973BCBD}"
EndProject
Project("{9A19103F-16F7-4668-BE54-9A1E7A4F7556}") = "Clv.Core", "Clv.Core\Clv.Core.csproj", "{CF42EBD9-952A-44B6-AD8F-F8F91E4CD087}"
EndProject
Project("{9A19103F-16F7-4668-BE54-9A1E7A4F7556}") = "Clv.Services", "Clv.Services\Clv.Services.csproj", "{619D4AF4-6BD1-4B25-8735-D35C8E3C18F4}"
EndProject
Project("{9A19103F-16F7-4668-BE54-9A1E7A4F7556}") = "Clv.Models", "Clv.Models\Clv.Models.csproj", "{8A58DEFB-DAD4-4467-83FD-76C938988A89}"
EndProject
Project("{9A19103F-16F7-4668-BE54-9A1E7A4F7556}") = "Clv.Utilities", "Clv.Utilities\Clv.Utilities.csproj", "{BA647612-79D6-4C0B-9693-E3CC8948ABE7}"
EndProject
Global
	GlobalSection(SolutionConfigurationPlatforms) = preSolution
		Debug|Any CPU = Debug|Any CPU
		Release|Any CPU = Release|Any CPU
	EndGlobalSection
	GlobalSection(ProjectConfigurationPlatforms) = postSolution
		{BF197FEE-869F-40D2-BE94-6909F973BCBD}.Debug|Any CPU.ActiveCfg = Debug|Any CPU
		{BF197FEE-869F-40D2-BE94-6909F973BCBD}.Debug|Any CPU.Build.0 = Debug|Any CPU
		{BF197FEE-869F-40D2-BE94-6909F973BCBD}.Release|Any CPU.ActiveCfg = Release|Any CPU
		{BF197FEE-869F-40D2-BE94-6909F973BCBD}.Release|Any CPU.Build.0 = Release|Any CPU
		{CF42EBD9-952A-44B6-AD8F-F8F91E4CD087}.Debug|Any CPU.ActiveCfg = Debug|Any CPU
		{CF42EBD9-952A-44B6-AD8F-F8F91E4CD087}.Debug|Any CPU.Build.0 = Debug|Any CPU
		{CF42EBD9-952A-44B6-AD8F-F8F91E4CD087}.Release|Any CPU.ActiveCfg = Release|Any CPU
		{CF42EBD9-952A-44B6-AD8F-F8F91E4CD087}.Release|Any CPU.Build.0 = Release|Any CPU
		{619D4AF4-6BD1-4B25-8735-D35C8E3C18F4}.Debug|Any CPU.ActiveCfg = Debug|Any CPU
		{619D4AF4-6BD1-4B25-8735-D35C8E3C18F4}.Debug|Any CPU.Build.0 = Debug|Any CPU
		{619D4AF4-6BD1-4B25-8735-D35C8E3C18F4}.Release|Any CPU.ActiveCfg = Release|Any CPU
		{619D4AF4-6BD1-4B25-8735-D35C8E3C18F4}.Release|Any CPU.Build.0 = Release|Any CPU
		{8A58DEFB-DAD4-4467-83FD-76C938988A89}.Debug|Any CPU.ActiveCfg = Debug|Any CPU
		{8A58DEFB-DAD4-4467-83FD-76C938988A89}.Debug|Any CPU.Build.0 = Debug|Any CPU
		{8A58DEFB-DAD4-4467-83FD-76C938988A89}.Release|Any CPU.ActiveCfg = Release|Any CPU
		{8A58DEFB-DAD4-4467-83FD-76C938988A89}.Release|Any CPU.Build.0 = Release|Any CPU
		{BA647612-79D6-4C0B-9693-E3CC8948ABE7}.Debug|Any CPU.ActiveCfg = Debug|Any CPU
		{BA647612-79D6-4C0B-9693-E3CC8948ABE7}.Debug|Any CPU.Build.0 = Debug|Any CPU
		{BA647612-79D6-4C0B-9693-E3CC8948ABE7}.Release|Any CPU.ActiveCfg = Release|Any CPU
		{BA647612-79D6-4C0B-9693-E3CC8948ABE7}.Release|Any CPU.Build.0 = Release|Any CPU
	EndGlobalSection
	GlobalSection(SolutionProperties) = preSolution
		HideSolutionNode = FALSE
	EndGlobalSection
	GlobalSection(ExtensibilityGlobals) = postSolution
		SolutionGuid = {95928463-042F-447A-97EA-5E762136054F}
	EndGlobalSection
EndGlobal
